# This file is automatically @generated by Poetry 2.2.1 and should not be changed by hand.

[[package]]
name = "asgiref"
version = "3.11.0"
description = "ASGI specs, helper code, and adapters"
optional = false
python-versions = ">=3.9"
groups = ["main"]
files = [
    {file = "asgiref-3.11.0-py3-none-any.whl", hash = "sha256:1db9021efadb0d9512ce8ffaf72fcef601c7b73a8807a1bb2ef143dc6b14846d"},
    {file = "asgiref-3.11.0.tar.gz", hash = "sha256:13acff32519542a1736223fb79a715acdebe24286d98e8b164a73085f40da2c4"},
]

[package.extras]
tests = ["mypy (>=1.14.0)", "pytest", "pytest-asyncio"]

[[package]]
name = "colorama"
version = "0.4.6"
description = "Cross-platform colored terminal text."
optional = false
python-versions = "!=3.0.*,!=3.1.*,!=3.2.*,!=3.3.*,!=3.4.*,!=3.5.*,!=3.6.*,>=2.7"
groups = ["dev"]
markers = "sys_platform == \"win32\""
files = [
    {file = "colorama-0.4.6-py2.py3-none-any.whl", hash = "sha256:4f1d9991f5acc0ca119f9d443620b77f9d6b33703e51011c16baf57afb285fc6"},
    {file = "colorama-0.4.6.tar.gz", hash = "sha256:08695f5cb7ed6e0531a20572697297273c47b8cae5a63ffc6d6ed5c201be6e44"},
]

[[package]]
name = "django"
version = "5.2.9"
description = "A high-level Python web framework that encourages rapid development and clean, pragmatic design."
optional = false
python-versions = ">=3.10"
groups = ["main"]
files = [
    {file = "django-5.2.9-py3-none-any.whl", hash = "sha256:3a4ea88a70370557ab1930b332fd2887a9f48654261cdffda663fef5976bb00a"},
    {file = "django-5.2.9.tar.gz", hash = "sha256:16b5ccfc5e8c27e6c0561af551d2ea32852d7352c67d452ae3e76b4f6b2ca495"},
]

[package.dependencies]
asgiref = ">=3.8.1"
sqlparse = ">=0.3.1"
tzdata = {version = "*", markers = "sys_platform == \"win32\""}

[package.extras]
argon2 = ["argon2-cffi (>=19.1.0)"]
bcrypt = ["bcrypt"]

[[package]]
name = "django-environ"
version = "0.12.0"
description = "A package that allows you to utilize 12factor inspired environment variables to configure your Django application."
optional = false
python-versions = "<4,>=3.9"
groups = ["main"]
files = [
    {file = "django_environ-0.12.0-py2.py3-none-any.whl", hash = "sha256:92fb346a158abda07ffe6eb23135ce92843af06ecf8753f43adf9d2366dcc0ca"},
    {file = "django_environ-0.12.0.tar.gz", hash = "sha256:227dc891453dd5bde769c3449cf4a74b6f2ee8f7ab2361c93a07068f4179041a"},
]

[package.extras]
develop = ["coverage[toml] (>=5.0a4)", "furo (>=2024.8.6)", "pytest (>=4.6.11)", "setuptools (>=71.0.0)", "sphinx (>=5.0)", "sphinx-notfound-page"]
docs = ["furo (>=2024.8.6)", "sphinx (>=5.0)", "sphinx-notfound-page"]
testing = ["coverage[toml] (>=5.0a4)", "pytest (>=4.6.11)", "setuptools (>=71.0.0)"]

[[package]]
name = "djangorestframework"
version = "3.16.1"
description = "Web APIs for Django, made easy."
optional = false
python-versions = ">=3.9"
groups = ["main"]
files = [
    {file = "djangorestframework-3.16.1-py3-none-any.whl", hash = "sha256:33a59f47fb9c85ede792cbf88bde71893bcda0667bc573f784649521f1102cec"},
    {file = "djangorestframework-3.16.1.tar.gz", hash = "sha256:166809528b1aced0a17dc66c24492af18049f2c9420dbd0be29422029cfc3ff7"},
]

[package.dependencies]
django = ">=4.2"

[[package]]
name = "iniconfig"
version = "2.3.0"
description = "brain-dead simple config-ini parsing"
optional = false
python-versions = ">=3.10"
groups = ["dev"]
files = [
    {file = "iniconfig-2.3.0-py3-none-any.whl", hash = "sha256:f631c04d2c48c52b84d0d0549c99ff3859c98df65b3101406327ecc7d53fbf12"},
    {file = "iniconfig-2.3.0.tar.gz", hash = "sha256:c76315c77db068650d49c5b56314774a7804df16fee4402c1f19d6d15d8c4730"},
]

[[package]]
name = "packaging"
version = "25.0"
description = "Core utilities for Python packages"
optional = false
python-versions = ">=3.8"
groups = ["dev"]
files = [
    {file = "packaging-25.0-py3-none-any.whl", hash = "sha256:29572ef2b1f17581046b3a2227d5c611fb25ec70ca1ba8554b24b0e69331a484"},
    {file = "packaging-25.0.tar.gz", hash = "sha256:d443872c98d677bf60f6a1f2f8c1cb748e8fe762d2bf9d3148b5599295b0fc4f"},
]

[[package]]
name = "pluggy"
version = "1.6.0"
description = "plugin and hook calling mechanisms for python"
optional = false
python-versions = ">=3.9"
groups = ["dev"]
files = [
    {file = "pluggy-1.6.0-py3-none-any.whl", hash = "sha256:e920276dd6813095e9377c0bc5566d94c932c33b27a3e3945d8389c374dd4746"},
    {file = "pluggy-1.6.0.tar.gz", hash = "sha256:7dcc130b76258d33b90f61b658791dede3486c3e6bfb003ee5c9bfb396dd22f3"},
]

[package.extras]
dev = ["pre-commit", "tox"]
testing = ["coverage", "pytest", "pytest-benchmark"]

[[package]]
name = "psycopg"
version = "3.3.0"
description = "PostgreSQL database adapter for Python"
optional = false
python-versions = ">=3.10"
groups = ["main"]
files = [
    {file = "psycopg-3.3.0-py3-none-any.whl", hash = "sha256:c9f070afeda682f6364f86cd77145f43feaf60648b2ce1f6e883e594d04cbea8"},
    {file = "psycopg-3.3.0.tar.gz", hash = "sha256:68950107fb8979d34bfc16b61560a26afe5d8dab96617881c87dfff58221df09"},
]

[package.dependencies]
psycopg-binary = {version = "3.3.0", optional = true, markers = "implementation_name != \"pypy\" and extra == \"binary\""}
tzdata = {version = "*", markers = "sys_platform == \"win32\""}

[package.extras]
binary = ["psycopg-binary (==3.3.0) ; implementation_name != \"pypy\""]
c = ["psycopg-c (==3.3.0) ; implementation_name != \"pypy\""]
dev = ["ast-comments (>=1.1.2)", "black (>=24.1.0)", "codespell (>=2.2)", "cython-lint (>=0.16)", "dnspython (>=2.1)", "flake8 (>=4.0)", "isort-psycopg", "isort[colors] (>=6.0)", "mypy (>=1.19.0)", "pre-commit (>=4.0.1)", "types-setuptools (>=57.4)", "types-shapely (>=2.0)", "wheel (>=0.37)"]
docs = ["Sphinx (>=5.0)", "furo (==2022.6.21)", "sphinx-autobuild (>=2021.3.14)", "sphinx-autodoc-typehints (>=1.12)"]
pool = ["psycopg-pool"]
test = ["anyio (>=4.0)", "mypy (>=1.19.0) ; implementation_name != \"pypy\"", "pproxy (>=2.7)", "pytest (>=6.2.5)", "pytest-cov (>=3.0)", "pytest-randomly (>=3.5)"]

[[package]]
name = "psycopg-binary"
version = "3.3.0"
description = "PostgreSQL database adapter for Python -- C optimisation distribution"
optional = false
python-versions = ">=3.10"
groups = ["main"]
markers = "implementation_name != \"pypy\""
files = [
    {file = "psycopg_binary-3.3.0-cp310-cp310-macosx_10_9_x86_64.whl", hash = "sha256:7492be4b65203b277ae618119041e6094b2ffdf5dc22fe624388cef58a75e84f"},
    {file = "psycopg_binary-3.3.0-cp310-cp310-macosx_11_0_arm64.whl", hash = "sha256:aa240e0bc7b502c920efea9e8d3c8809c8542bbf514d84780491135fa37731b3"},
    {file = "psycopg_binary-3.3.0-cp310-cp310-manylinux2014_ppc64le.manylinux_2_17_ppc64le.whl", hash = "sha256:e25922a8ecb06af71b89360ec4790730dc1783fcffd30932bf65266652bb9e8c"},
    {file = "psycopg_binary-3.3.0-cp310-cp310-manylinux2014_x86_64.manylinux_2_17_x86_64.whl", hash = "sha256:315a250352243627e5444452b1b3623f08399cadb6cc80d9e3e314f7b11199f6"},
    {file = "psycopg_binary-3.3.0-cp310-cp310-manylinux_2_27_aarch64.manylinux_2_28_aarch64.whl", hash = "sha256:970a89317af7dcbb06fb5b18c1f4fa780fd3be6e6a2549a280938389d1691b18"},
    {file = "psycopg_binary-3.3.0-cp310-cp310-manylinux_2_38_riscv64.manylinux_2_39_riscv64.whl", hash = "sha256:c398dc3a4ca4f8697efe58dbdcd423dc8287d6a56e99f48c53906d4a6c19015e"},
    {file = "psycopg_binary-3.3.0-cp310-cp310-musllinux_1_2_aarch64.whl", hash = "sha256:df1a4a0547e232d75db22b485836a55a4e46266cde6c78713dea089758b7b3dc"},
    {file = "psycopg_binary-3.3.0-cp310-cp310-musllinux_1_2_ppc64le.whl", hash = "sha256:6f847b32baed6ae97cc71d0bf9e7b6c8f520b1f62bac8327eac60fa1c4aaea34"},
    {file = "psycopg_binary-3.3.0-cp310-cp310-musllinux_1_2_riscv64.whl", hash = "sha256:d604f98529090945865410994b7a5de2fa304efcdb4959a4a84d7bc018dea378"},
    {file = "psycopg_binary-3.3.0-cp310-cp310-musllinux_1_2_x86_64.whl", hash = "sha256:a53dfda5b5d0a9345ffa55d4fe6a63e4df517865b72395d719bc358a33f479d4"},
    {file = "psycopg_binary-3.3.0-cp310-cp310-win_amd64.whl", hash = "sha256:2b913475b41b01ceab5c4f3705189306728893ad79ea93c39b3f54fe0e413d45"},
    {file = "psycopg_binary-3.3.0-cp311-cp311-macosx_10_9_x86_64.whl", hash = "sha256:a995a9fa3ffc65f21d73dd4d34e51e915bfb38e721405e40d2a61d789479292d"},
    {file = "psycopg_binary-3.3.0-cp311-cp311-macosx_11_0_arm64.whl", hash = "sha256:1ef7e480253ef827fe30c0a73b6548dd557d1b5a92f1e9a3c8762d196dee6f51"},
    {file = "psycopg_binary-3.3.0-cp311-cp311-manylinux2014_ppc64le.manylinux_2_17_ppc64le.whl", hash = "sha256:a8d7f56bf0ac1704e08bd496de7477af4013717890bfaf4a085c939b4d3d0577"},
    {file = "psycopg_binary-3.3.0-cp311-cp311-manylinux2014_x86_64.manylinux_2_17_x86_64.whl", hash = "sha256:bfe8bbf1b2df60974365a5abed74a06ae1152bd62b1a46336c633c53b9cb2ce8"},
    {file = "psycopg_binary-3.3.0-cp311-cp311-manylinux_2_27_aarch64.manylinux_2_28_aarch64.whl", hash = "sha256:1dc17ab5ee5a196741aab33ea44715ffe082b1801fffddbc33798afccf1660c3"},
    {file = "psycopg_binary-3.3.0-cp311-cp311-manylinux_2_38_riscv64.manylinux_2_39_riscv64.whl", hash = "sha256:229bb0b528f84741d1447cbe94d8a45b0cf0ef066df8f5b7df6995fee2f05e2d"},
    {file = "psycopg_binary-3.3.0-cp311-cp311-musllinux_1_2_aarch64.whl", hash = "sha256:7b7d657d045a2a38eef948998180b1c8792160de47c7b8f6e409d655b5fd8f9d"},
    {file = "psycopg_binary-3.3.0-cp311-cp311-musllinux_1_2_ppc64le.whl", hash = "sha256:2be4ce54dfcade48f6bfbbd579b112657cfa0d08bcfa89e796c4cb2a15b626cf"},
    {file = "psycopg_binary-3.3.0-cp311-cp311-musllinux_1_2_riscv64.whl", hash = "sha256:a31ad12f31701db0cdbb7a90f5df002a1a39f92feb87420be32079ab30031819"},
    {file = "psycopg_binary-3.3.0-cp311-cp311-musllinux_1_2_x86_64.whl", hash = "sha256:473f4f0d6861aa0038f087112d8e7b6647615a29737a69178ffb0558675d610d"},
    {file = "psycopg_binary-3.3.0-cp311-cp311-win_amd64.whl", hash = "sha256:77689a3493df1a8d56c4fe8cb309d315e9b0f396d48b7a2640cc6221eb6764f6"},
    {file = "psycopg_binary-3.3.0-cp312-cp312-macosx_10_13_x86_64.whl", hash = "sha256:0344ba871e71ba82bf6c86caa6bc8cbcf79c6d947f011a15d140243d1644a725"},
    {file = "psycopg_binary-3.3.0-cp312-cp312-macosx_11_0_arm64.whl", hash = "sha256:b18fff8b1f220fb63e2836da9cdebc72e2afeef34d897d2e7627f4950cfc5c4d"},
    {file = "psycopg_binary-3.3.0-cp312-cp312-manylinux2014_ppc64le.manylinux_2_17_ppc64le.whl", hash = "sha256:87ac7796afef87042d1766cea04c18b602889e93718b11ec9beb524811256355"},
    {file = "psycopg_binary-3.3.0-cp312-cp312-manylinux2014_x86_64.manylinux_2_17_x86_64.whl", hash = "sha256:f530ce0ab2ffae9d6dde54115a3eb6da585dd4fc57da7d9620e15bbc5f0fa156"},
    {file = "psycopg_binary-3.3.0-cp312-cp312-manylinux_2_27_aarch64.manylinux_2_28_aarch64.whl", hash = "sha256:2b5ccf41cd83419465f8d7e16ae8ae6fdceed574cdbe841ad2ad2614b8c15752"},
    {file = "psycopg_binary-3.3.0-cp312-cp312-manylinux_2_38_riscv64.manylinux_2_39_riscv64.whl", hash = "sha256:9429504a8aea5474699062b046aeac05cbb0b55677ac8a4ce6fdda4bf21bd5b8"},
    {file = "psycopg_binary-3.3.0-cp312-cp312-musllinux_1_2_aarch64.whl", hash = "sha256:ef3c26227da32566417c27f56b4abd648b1a312db5eabf5062912e1bc6b2ffb3"},
    {file = "psycopg_binary-3.3.0-cp312-cp312-musllinux_1_2_ppc64le.whl", hash = "sha256:e68d133468501f918cf55d31e149b03ae76decf6a909047134f61ae854f52946"},
    {file = "psycopg_binary-3.3.0-cp312-cp312-musllinux_1_2_riscv64.whl", hash = "sha256:094a217959ceee5b776b4da41c57d9ff6250d66326eb07ecb31301b79b150d91"},
    {file = "psycopg_binary-3.3.0-cp312-cp312-musllinux_1_2_x86_64.whl", hash = "sha256:7328b41c2b951ea3fc2023ff237e03bba0f64a1f9d35bd97719a815e28734078"},
    {file = "psycopg_binary-3.3.0-cp312-cp312-win_amd64.whl", hash = "sha256:fc3509c292f54979f6a9f62ce604b75d91ea29be7a5279c647c82b25227c2b4a"},
    {file = "psycopg_binary-3.3.0-cp313-cp313-macosx_10_13_x86_64.whl", hash = "sha256:1321c4c3e913cb34b7c47c859e04ebdda9499026f35b98923e1581f8b28280d9"},
    {file = "psycopg_binary-3.3.0-cp313-cp313-macosx_11_0_arm64.whl", hash = "sha256:691b04f4339a3dcc43dde6ee70fd6de61fa56cc67eac431c701b06fab1e37b98"},
    {file = "psycopg_binary-3.3.0-cp313-cp313-manylinux2014_ppc64le.manylinux_2_17_ppc64le.whl", hash = "sha256:5e20e7459daffa2c22baef504c2e087172ccf7e945635f89cc7019e34e38b60c"},
    {file = "psycopg_binary-3.3.0-cp313-cp313-manylinux2014_x86_64.manylinux_2_17_x86_64.whl", hash = "sha256:91d4fe6a6b0be9859970fa0dc3e340fadaa01645e15d1885d48d9d6d9f0a9570"},
    {file = "psycopg_binary-3.3.0-cp313-cp313-manylinux_2_27_aarch64.manylinux_2_28_aarch64.whl", hash = "sha256:8de4dba5c385b102365ee88d67bc0c9df0e57deb78b1d7472220aa7958b59a1d"},
    {file = "psycopg_binary-3.3.0-cp313-cp313-manylinux_2_38_riscv64.manylinux_2_39_riscv64.whl", hash = "sha256:86ffcf49b62fdf8f984d3219b9970a5cf056f0a988e1d5bcfa4753d7680a394b"},
    {file = "psycopg_binary-3.3.0-cp313-cp313-musllinux_1_2_aarch64.whl", hash = "sha256:5115bcabc29096b39cfdf9bb4f4f85bd8c60ad2f900be27b3e2e56763f3566b7"},
    {file = "psycopg_binary-3.3.0-cp313-cp313-musllinux_1_2_ppc64le.whl", hash = "sha256:0400c7e3147d4ee0dabe6a53b871c10cd74d96e0544db316d381026540782e6f"},
    {file = "psycopg_binary-3.3.0-cp313-cp313-musllinux_1_2_riscv64.whl", hash = "sha256:e1ddcdf81ff2e0f76f59dafc0bc35caef8f4bb4ee9c7d327698511dcd1ae93b5"},
    {file = "psycopg_binary-3.3.0-cp313-cp313-musllinux_1_2_x86_64.whl", hash = "sha256:148881de848c4fa46bc2534af97f8d2c239e28f6f1fb43dbf3c60ca3e0f660b0"},
    {file = "psycopg_binary-3.3.0-cp313-cp313-win_amd64.whl", hash = "sha256:2e9218750c8fcace04247b5bec179586ffb90e42e591402efa42ebc6b97480a2"},
    {file = "psycopg_binary-3.3.0-cp314-cp314-macosx_10_15_x86_64.whl", hash = "sha256:0f5e56aff53247f5b626796c29a596efc534332557508cddff9b41f34e4af6ae"},
    {file = "psycopg_binary-3.3.0-cp314-cp314-macosx_11_0_arm64.whl", hash = "sha256:6470c034f07de3a2cfcfb4f6b95b97412be6c2ff75b92a22e2b7a5eca4b64501"},
    {file = "psycopg_binary-3.3.0-cp314-cp314-manylinux2014_ppc64le.manylinux_2_17_ppc64le.whl", hash = "sha256:a8ef328c87608372052a8859743485dbb91ae0e38766008499f88471a9c438cc"},
    {file = "psycopg_binary-3.3.0-cp314-cp314-manylinux2014_x86_64.manylinux_2_17_x86_64.whl", hash = "sha256:c13fe4533d832c03b249b9dc45a59dcdb3918eacd41ff830c5c8ea551bc50513"},
    {file = "psycopg_binary-3.3.0-cp314-cp314-manylinux_2_27_aarch64.manylinux_2_28_aarch64.whl", hash = "sha256:dd1500110ce7e71d51ca509760c75306e72c919e63556257ac6a85bab11356ca"},
    {file = "psycopg_binary-3.3.0-cp314-cp314-manylinux_2_38_riscv64.manylinux_2_39_riscv64.whl", hash = "sha256:d8e90ea351b075b6cac33ebd3dc24748459a8ed24b9210e5db961e6176a1ab47"},
    {file = "psycopg_binary-3.3.0-cp314-cp314-musllinux_1_2_aarch64.whl", hash = "sha256:da67a00d5dceaa3259f72462118a73b3b1d1b542422be767817bc784c4a0c69e"},
    {file = "psycopg_binary-3.3.0-cp314-cp314-musllinux_1_2_ppc64le.whl", hash = "sha256:b503c911165d4560e8d8489c46a78ec28e35321b85bf13ce58417382d75f436c"},
    {file = "psycopg_binary-3.3.0-cp314-cp314-musllinux_1_2_riscv64.whl", hash = "sha256:8894829fcebd6f431d2a0e31b553feb5714e355c34af0a76df24069370a928f1"},
    {file = "psycopg_binary-3.3.0-cp314-cp314-musllinux_1_2_x86_64.whl", hash = "sha256:f3038029fff5105193ffe02352529925cb4ad5a5426b1d56d24b3654b062684e"},
    {file = "psycopg_binary-3.3.0-cp314-cp314-win_amd64.whl", hash = "sha256:3681effab211f3e7bbde651f6eb7552b60289cd039a1a2058c674743a72d15d4"},
]

[[package]]
name = "pygments"
version = "2.19.2"
description = "Pygments is a syntax highlighting package written in Python."
optional = false
python-versions = ">=3.8"
groups = ["dev"]
files = [
    {file = "pygments-2.19.2-py3-none-any.whl", hash = "sha256:86540386c03d588bb81d44bc3928634ff26449851e99741617ecb9037ee5ec0b"},
    {file = "pygments-2.19.2.tar.gz", hash = "sha256:636cb2477cec7f8952536970bc533bc43743542f70392ae026374600add5b887"},
]

[package.extras]
windows-terminal = ["colorama (>=0.4.6)"]

[[package]]
name = "pytest"
version = "9.0.1"
description = "pytest: simple powerful testing with Python"
optional = false
python-versions = ">=3.10"
groups = ["dev"]
files = [
    {file = "pytest-9.0.1-py3-none-any.whl", hash = "sha256:67be0030d194df2dfa7b556f2e56fb3c3315bd5c8822c6951162b92b32ce7dad"},
    {file = "pytest-9.0.1.tar.gz", hash = "sha256:3e9c069ea73583e255c3b21cf46b8d3c56f6e3a1a8f6da94ccb0fcf57b9d73c8"},
]

[package.dependencies]
colorama = {version = ">=0.4", markers = "sys_platform == \"win32\""}
iniconfig = ">=1.0.1"
packaging = ">=22"
pluggy = ">=1.5,<2"
pygments = ">=2.7.2"

[package.extras]
dev = ["argcomplete", "attrs (>=19.2)", "hypothesis (>=3.56)", "mock", "requests", "setuptools", "xmlschema"]

[[package]]
name = "pytest-django"
version = "4.11.1"
description = "A Django plugin for pytest."
optional = false
python-versions = ">=3.8"
groups = ["dev"]
files = [
    {file = "pytest_django-4.11.1-py3-none-any.whl", hash = "sha256:1b63773f648aa3d8541000c26929c1ea63934be1cfa674c76436966d73fe6a10"},
    {file = "pytest_django-4.11.1.tar.gz", hash = "sha256:a949141a1ee103cb0e7a20f1451d355f83f5e4a5d07bdd4dcfdd1fd0ff227991"},
]

[package.dependencies]
pytest = ">=7.0.0"

[package.extras]
docs = ["sphinx", "sphinx_rtd_theme"]
testing = ["Django", "django-configurations (>=2.0)"]

[[package]]
name = "sqlparse"
version = "0.5.4"
description = "A non-validating SQL parser."
optional = false
python-versions = ">=3.8"
groups = ["main"]
files = [
    {file = "sqlparse-0.5.4-py3-none-any.whl", hash = "sha256:99a9f0314977b76d776a0fcb8554de91b9bb8a18560631d6bc48721d07023dcb"},
    {file = "sqlparse-0.5.4.tar.gz", hash = "sha256:4396a7d3cf1cd679c1be976cf3dc6e0a51d0111e87787e7a8d780e7d5a998f9e"},
]

[package.extras]
dev = ["build"]
doc = ["sphinx"]

[[package]]
name = "tzdata"
version = "2025.2"
description = "Provider of IANA time zone data"
optional = false
python-versions = ">=2"
groups = ["main"]
markers = "sys_platform == \"win32\""
files = [
    {file = "tzdata-2025.2-py2.py3-none-any.whl", hash = "sha256:1a403fada01ff9221ca8044d701868fa132215d84beb92242d9acd2147f667a8"},
    {file = "tzdata-2025.2.tar.gz", hash = "sha256:b60a638fcc0daffadf82fe0f57e53d06bdec2f36c4df66280ae79bce6bd6f2b9"},
]

[metadata]
lock-version = "2.1"
python-versions = "^3.13"
content-hash = "f8c9e43159c89b67cc09595989d5613b560823ec56a93abe86ba050e575a1a13"
